
Microsoft Visual Studio Solution File, Format Version 12.00
# Visual Studio 15
VisualStudioVersion = 15.0.26124.0
MinimumVisualStudioVersion = 15.0.26124.0
Project("{2150E333-8FDC-42A3-9474-1A3956D46DE8}") = "src", "src", "{F3265023-C8FE-447E-A494-11CF88B88C0E}"
EndProject
Project("{FAE04EC0-301F-11D3-BF4B-00C04F79EFBC}") = "Pacco.APIGateway", "src\Pacco.APIGateway\Pacco.APIGateway.csproj", "{231172E7-4D7D-4E00-8EF4-23C564F57F03}"
EndProject
Global
	GlobalSection(SolutionConfigurationPlatforms) = preSolution
		Debug|Any CPU = Debug|Any CPU
		Debug|x64 = Debug|x64
		Debug|x86 = Debug|x86
		Release|Any CPU = Release|Any CPU
		Release|x64 = Release|x64
		Release|x86 = Release|x86
	EndGlobalSection
	GlobalSection(SolutionProperties) = preSolution
		HideSolutionNode = FALSE
	EndGlobalSection
	GlobalSection(ProjectConfigurationPlatforms) = postSolution
		{231172E7-4D7D-4E00-8EF4-23C564F57F03}.Debug|Any CPU.ActiveCfg = Debug|Any CPU
		{231172E7-4D7D-4E00-8EF4-23C564F57F03}.Debug|Any CPU.Build.0 = Debug|Any CPU
		{231172E7-4D7D-4E00-8EF4-23C564F57F03}.Debug|x64.ActiveCfg = Debug|Any CPU
		{231172E7-4D7D-4E00-8EF4-23C564F57F03}.Debug|x64.Build.0 = Debug|Any CPU
		{231172E7-4D7D-4E00-8EF4-23C564F57F03}.Debug|x86.ActiveCfg = Debug|Any CPU
		{231172E7-4D7D-4E00-8EF4-23C564F57F03}.Debug|x86.Build.0 = Debug|Any CPU
		{231172E7-4D7D-4E00-8EF4-23C564F57F03}.Release|Any CPU.ActiveCfg = Release|Any CPU
		{231172E7-4D7D-4E00-8EF4-23C564F57F03}.Release|Any CPU.Build.0 = Release|Any CPU
		{231172E7-4D7D-4E00-8EF4-23C564F57F03}.Release|x64.ActiveCfg = Release|Any CPU
		{231172E7-4D7D-4E00-8EF4-23C564F57F03}.Release|x64.Build.0 = Release|Any CPU
		{231172E7-4D7D-4E00-8EF4-23C564F57F03}.Release|x86.ActiveCfg = Release|Any CPU
		{231172E7-4D7D-4E00-8EF4-23C564F57F03}.Release|x86.Build.0 = Release|Any CPU
	EndGlobalSection
	GlobalSection(NestedProjects) = preSolution
		{231172E7-4D7D-4E00-8EF4-23C564F57F03} = {F3265023-C8FE-447E-A494-11CF88B88C0E}
	EndGlobalSection
EndGlobal
